
Microsoft Visual Studio Solution File, Format Version 12.00
# Visual Studio 15
VisualStudioVersion = 15.0.28010.2050
MinimumVisualStudioVersion = 10.0.40219.1
Project("{FAE04EC0-301F-11D3-BF4B-00C04F79EFBC}") = "EKPolizasSemp", "EKPolizasSemp\EKPolizasSemp.csproj", "{D7283E85-F42F-4343-9E9E-7E90C885B89E}"
EndProject
Global
	GlobalSection(SolutionConfigurationPlatforms) = preSolution
		Debug|Any CPU = Debug|Any CPU
		Release|Any CPU = Release|Any CPU
	EndGlobalSection
	GlobalSection(ProjectConfigurationPlatforms) = postSolution
		{D7283E85-F42F-4343-9E9E-7E90C885B89E}.Debug|Any CPU.ActiveCfg = Debug|Any CPU
		{D7283E85-F42F-4343-9E9E-7E90C885B89E}.Debug|Any CPU.Build.0 = Debug|Any CPU
		{D7283E85-F42F-4343-9E9E-7E90C885B89E}.Release|Any CPU.ActiveCfg = Release|Any CPU
		{D7283E85-F42F-4343-9E9E-7E90C885B89E}.Release|Any CPU.Build.0 = Release|Any CPU
	EndGlobalSection
	GlobalSection(SolutionProperties) = preSolution
		HideSolutionNode = FALSE
	EndGlobalSection
	GlobalSection(ExtensibilityGlobals) = postSolution
		SolutionGuid = {92629114-D9E2-4811-8595-2109ACACFC9D}
	EndGlobalSection
EndGlobal
